
Microsoft Visual Studio Solution File, Format Version 12.00
# Visual Studio Version 17
VisualStudioVersion = 17.2.32616.157
MinimumVisualStudioVersion = 10.0.40219.1
Project("{FAE04EC0-301F-11D3-BF4B-00C04F79EFBC}") = "MobSil1", "MobSil1\MobSil1.csproj", "{3D36D23F-1DA7-425E-B532-621CA7C6FD1D}"
EndProject
Global
	GlobalSection(SolutionConfigurationPlatforms) = preSolution
		Debug|Any CPU = Debug|Any CPU
		Release|Any CPU = Release|Any CPU
	EndGlobalSection
	GlobalSection(ProjectConfigurationPlatforms) = postSolution
		{3D36D23F-1DA7-425E-B532-621CA7C6FD1D}.Debug|Any CPU.ActiveCfg = Debug|Any CPU
		{3D36D23F-1DA7-425E-B532-621CA7C6FD1D}.Debug|Any CPU.Build.0 = Debug|Any CPU
		{3D36D23F-1DA7-425E-B532-621CA7C6FD1D}.Release|Any CPU.ActiveCfg = Release|Any CPU
		{3D36D23F-1DA7-425E-B532-621CA7C6FD1D}.Release|Any CPU.Build.0 = Release|Any CPU
	EndGlobalSection
	GlobalSection(SolutionProperties) = preSolution
		HideSolutionNode = FALSE
	EndGlobalSection
	GlobalSection(ExtensibilityGlobals) = postSolution
		SolutionGuid = {921906D2-3171-4D4F-9890-83B742767F20}
	EndGlobalSection
EndGlobal
